// !$*UTF8*$!
{
	archiveVersion = 1;
	classes = {
	};
	objectVersion = 50;
	objects = {

/* Begin PBXBuildFile section */
		AC0613D721628C90007FBC5F /* AppDelegate.swift in Sources */ = {isa = PBXBuildFile; fileRef = AC0613D621628C90007FBC5F /* AppDelegate.swift */; };
		AC0613D921628C90007FBC5F /* ViewController.swift in Sources */ = {isa = PBXBuildFile; fileRef = AC0613D821628C90007FBC5F /* ViewController.swift */; };
		AC0613DC21628C90007FBC5F /* Main.storyboard in Resources */ = {isa = PBXBuildFile; fileRef = AC0613DA21628C90007FBC5F /* Main.storyboard */; };
		AC0613DE21628C91007FBC5F /* Assets.xcassets in Resources */ = {isa = PBXBuildFile; fileRef = AC0613DD21628C91007FBC5F /* Assets.xcassets */; };
		AC0613E121628C91007FBC5F /* LaunchScreen.storyboard in Resources */ = {isa = PBXBuildFile; fileRef = AC0613DF21628C91007FBC5F /* LaunchScreen.storyboard */; };
		AC0613EC21628C91007FBC5F /* RPSTests.swift in Sources */ = {isa = PBXBuildFile; fileRef = AC0613EB21628C91007FBC5F /* RPSTests.swift */; };
		AC0613F721628C91007FBC5F /* RPSUITests.swift in Sources */ = {isa = PBXBuildFile; fileRef = AC0613F621628C91007FBC5F /* RPSUITests.swift */; };
		AC06140521628DAE007FBC5F /* Sign.swift in Sources */ = {isa = PBXBuildFile; fileRef = AC06140421628DAE007FBC5F /* Sign.swift */; };
/* End PBXBuildFile section */

/* Begin PBXContainerItemProxy section */
		AC0613E821628C91007FBC5F /* PBXContainerItemProxy */ = {
			isa = PBXContainerItemProxy;
			containerPortal = AC0613CB21628C90007FBC5F /* Project object */;
			proxyType = 1;
			remoteGlobalIDString = AC0613D221628C90007FBC5F;
			remoteInfo = RPS;
		};
		AC0613F321628C91007FBC5F /* PBXContainerItemProxy */ = {
			isa = PBXContainerItemProxy;
			containerPortal = AC0613CB21628C90007FBC5F /* Project object */;
			proxyType = 1;
			remoteGlobalIDString = AC0613D221628C90007FBC5F;
			remoteInfo = RPS;
		};
/* End PBXContainerItemProxy section */

/* Begin PBXFileReference section */
		AC0613D321628C90007FBC5F /* RPS.app */ = {isa = PBXFileReference; explicitFileType = wrapper.application; includeInIndex = 0; path = RPS.app; sourceTree = BUILT_PRODUCTS_DIR; };
		AC0613D621628C90007FBC5F /* AppDelegate.swift */ = {isa = PBXFileReference; lastKnownFileType = sourcecode.swift; path = AppDelegate.swift; sourceTree = "<group>"; };
		AC0613D821628C90007FBC5F /* ViewController.swift */ = {isa = PBXFileReference; lastKnownFileType = sourcecode.swift; path = ViewController.swift; sourceTree = "<group>"; };
		AC0613DB21628C90007FBC5F /* Base */ = {isa = PBXFileReference; lastKnownFileType = file.storyboard; name = Base; path = Base.lproj/Main.storyboard; sourceTree = "<group>"; };
		AC0613DD21628C91007FBC5F /* Assets.xcassets */ = {isa = PBXFileReference; lastKnownFileType = folder.assetcatalog; path = Assets.xcassets; sourceTree = "<group>"; };
		AC0613E021628C91007FBC5F /* Base */ = {isa = PBXFileReference; lastKnownFileType = file.storyboard; name = Base; path = Base.lproj/LaunchScreen.storyboard; sourceTree = "<group>"; };
		AC0613E221628C91007FBC5F /* Info.plist */ = {isa = PBXFileReference; lastKnownFileType = text.plist.xml; path = Info.plist; sourceTree = "<group>"; };
		AC0613E721628C91007FBC5F /* RPSTests.xctest */ = {isa = PBXFileReference; explicitFileType = wrapper.cfbundle; includeInIndex = 0; path = RPSTests.xctest; sourceTree = BUILT_PRODUCTS_DIR; };
		AC0613EB21628C91007FBC5F /* RPSTests.swift */ = {isa = PBXFileReference; lastKnownFileType = sourcecode.swift; path = RPSTests.swift; sourceTree = "<group>"; };
		AC0613ED21628C91007FBC5F /* Info.plist */ = {isa = PBXFileReference; lastKnownFileType = text.plist.xml; path = Info.plist; sourceTree = "<group>"; };
		AC0613F221628C91007FBC5F /* RPSUITests.xctest */ = {isa = PBXFileReference; explicitFileType = wrapper.cfbundle; includeInIndex = 0; path = RPSUITests.xctest; sourceTree = BUILT_PRODUCTS_DIR; };
		AC0613F621628C91007FBC5F /* RPSUITests.swift */ = {isa = PBXFileReference; lastKnownFileType = sourcecode.swift; path = RPSUITests.swift; sourceTree = "<group>"; };
		AC0613F821628C91007FBC5F /* Info.plist */ = {isa = PBXFileReference; lastKnownFileType = text.plist.xml; path = Info.plist; sourceTree = "<group>"; };
		AC06140421628DAE007FBC5F /* Sign.swift */ = {isa = PBXFileReference; lastKnownFileType = sourcecode.swift; path = Sign.swift; sourceTree = "<group>"; };
/* End PBXFileReference section */

/* Begin PBXFrameworksBuildPhase section */
		AC0613D021628C90007FBC5F /* Frameworks */ = {
			isa = PBXFrameworksBuildPhase;
			buildActionMask = 2147483647;
			files = (
			);
			runOnlyForDeploymentPostprocessing = 0;
		};
		AC0613E421628C91007FBC5F /* Frameworks */ = {
			isa = PBXFrameworksBuildPhase;
			buildActionMask = 2147483647;
			files = (
			);
			runOnlyForDeploymentPostprocessing = 0;
		};
		AC0613EF21628C91007FBC5F /* Frameworks */ = {
			isa = PBXFrameworksBuildPhase;
			buildActionMask = 2147483647;
			files = (
			);
			runOnlyForDeploymentPostprocessing = 0;
		};
/* End PBXFrameworksBuildPhase section */

/* Begin PBXGroup section */
		AC0613CA21628C90007FBC5F = {
			isa = PBXGroup;
			children = (
				AC0613D521628C90007FBC5F /* RPS */,
				AC0613EA21628C91007FBC5F /* RPSTests */,
				AC0613F521628C91007FBC5F /* RPSUITests */,
				AC0613D421628C90007FBC5F /* Products */,
			);
			sourceTree = "<group>";
		};
		AC0613D421628C90007FBC5F /* Products */ = {
			isa = PBXGroup;
			children = (
				AC0613D321628C90007FBC5F /* RPS.app */,
				AC0613E721628C91007FBC5F /* RPSTests.xctest */,
				AC0613F221628C91007FBC5F /* RPSUITests.xctest */,
			);
			name = Products;
			sourceTree = "<group>";
		};
		AC0613D521628C90007FBC5F /* RPS */ = {
			isa = PBXGroup;
			children = (
				AC0613D621628C90007FBC5F /* AppDelegate.swift */,
				AC0613D821628C90007FBC5F /* ViewController.swift */,
				AC0613DA21628C90007FBC5F /* Main.storyboard */,
				AC0613DD21628C91007FBC5F /* Assets.xcassets */,
				AC0613DF21628C91007FBC5F /* LaunchScreen.storyboard */,
				AC0613E221628C91007FBC5F /* Info.plist */,
				AC06140421628DAE007FBC5F /* Sign.swift */,
			);
			path = RPS;
			sourceTree = "<group>";
		};
		AC0613EA21628C91007FBC5F /* RPSTests */ = {
			isa = PBXGroup;
			children = (
				AC0613EB21628C91007FBC5F /* RPSTests.swift */,
				AC0613ED21628C91007FBC5F /* Info.plist */,
			);
			path = RPSTests;
			sourceTree = "<group>";
		};
		AC0613F521628C91007FBC5F /* RPSUITests */ = {
			isa = PBXGroup;
			children = (
				AC0613F621628C91007FBC5F /* RPSUITests.swift */,
				AC0613F821628C91007FBC5F /* Info.plist */,
			);
			path = RPSUITests;
			sourceTree = "<group>";
		};
/* End PBXGroup section */

/* Begin PBXNativeTarget section */
		AC0613D221628C90007FBC5F /* RPS */ = {
			isa = PBXNativeTarget;
			buildConfigurationList = AC0613FB21628C91007FBC5F /* Build configuration list for PBXNativeTarget "RPS" */;
			buildPhases = (
				AC0613CF21628C90007FBC5F /* Sources */,
				AC0613D021628C90007FBC5F /* Frameworks */,
				AC0613D121628C90007FBC5F /* Resources */,
			);
			buildRules = (
			);
			dependencies = (
			);
			name = RPS;
			productName = RPS;
			productReference = AC0613D321628C90007FBC5F /* RPS.app */;
			productType = "com.apple.product-type.application";
		};
		AC0613E621628C91007FBC5F /* RPSTests */ = {
			isa = PBXNativeTarget;
			buildConfigurationList = AC0613FE21628C91007FBC5F /* Build configuration list for PBXNativeTarget "RPSTests" */;
			buildPhases = (
				AC0613E321628C91007FBC5F /* Sources */,
				AC0613E421628C91007FBC5F /* Frameworks */,
				AC0613E521628C91007FBC5F /* Resources */,
			);
			buildRules = (
			);
			dependencies = (
				AC0613E921628C91007FBC5F /* PBXTargetDependency */,
			);
			name = RPSTests;
			productName = RPSTests;
			productReference = AC0613E721628C91007FBC5F /* RPSTests.xctest */;
			productType = "com.apple.product-type.bundle.unit-test";
		};
		AC0613F121628C91007FBC5F /* RPSUITests */ = {
			isa = PBXNativeTarget;
			buildConfigurationList = AC06140121628C91007FBC5F /* Build configuration list for PBXNativeTarget "RPSUITests" */;
			buildPhases = (
				AC0613EE21628C91007FBC5F /* Sources */,
				AC0613EF21628C91007FBC5F /* Frameworks */,
				AC0613F021628C91007FBC5F /* Resources */,
			);
			buildRules = (
			);
			dependencies = (
				AC0613F421628C91007FBC5F /* PBXTargetDependency */,
			);
			name = RPSUITests;
			productName = RPSUITests;
			productReference = AC0613F221628C91007FBC5F /* RPSUITests.xctest */;
			productType = "com.apple.product-type.bundle.ui-testing";
		};
/* End PBXNativeTarget section */

/* Begin PBXProject section */
		AC0613CB21628C90007FBC5F /* Project object */ = {
			isa = PBXProject;
			attributes = {
				LastSwiftUpdateCheck = 0940;
				LastUpgradeCheck = 0940;
				ORGANIZATIONNAME = "Usuario invitado";
				TargetAttributes = {
					AC0613D221628C90007FBC5F = {
						CreatedOnToolsVersion = 9.4.1;
					};
					AC0613E621628C91007FBC5F = {
						CreatedOnToolsVersion = 9.4.1;
						TestTargetID = AC0613D221628C90007FBC5F;
					};
					AC0613F121628C91007FBC5F = {
						CreatedOnToolsVersion = 9.4.1;
						TestTargetID = AC0613D221628C90007FBC5F;
					};
				};
			};
			buildConfigurationList = AC0613CE21628C90007FBC5F /* Build configuration list for PBXProject "RPS" */;
			compatibilityVersion = "Xcode 9.3";
			developmentRegion = en;
			hasScannedForEncodings = 0;
			knownRegions = (
				en,
				Base,
			);
			mainGroup = AC0613CA21628C90007FBC5F;
			productRefGroup = AC0613D421628C90007FBC5F /* Products */;
			projectDirPath = "";
			projectRoot = "";
			targets = (
				AC0613D221628C90007FBC5F /* RPS */,
				AC0613E621628C91007FBC5F /* RPSTests */,
				AC0613F121628C91007FBC5F /* RPSUITests */,
			);
		};
/* End PBXProject section */

/* Begin PBXResourcesBuildPhase section */
		AC0613D121628C90007FBC5F /* Resources */ = {
			isa = PBXResourcesBuildPhase;
			buildActionMask = 2147483647;
			files = (
				AC0613E121628C91007FBC5F /* LaunchScreen.storyboard in Resources */,
				AC0613DE21628C91007FBC5F /* Assets.xcassets in Resources */,
				AC0613DC21628C90007FBC5F /* Main.storyboard in Resources */,
			);
			runOnlyForDeploymentPostprocessing = 0;
		};
		AC0613E521628C91007FBC5F /* Resources */ = {
			isa = PBXResourcesBuildPhase;
			buildActionMask = 2147483647;
			files = (
			);
			runOnlyForDeploymentPostprocessing = 0;
		};
		AC0613F021628C91007FBC5F /* Resources */ = {
			isa = PBXResourcesBuildPhase;
			buildActionMask = 2147483647;
			files = (
			);
			runOnlyForDeploymentPostprocessing = 0;
		};
/* End PBXResourcesBuildPhase section */

/* Begin PBXSourcesBuildPhase section */
		AC0613CF21628C90007FBC5F /* Sources */ = {
			isa = PBXSourcesBuildPhase;
			buildActionMask = 2147483647;
			files = (
				AC0613D921628C90007FBC5F /* ViewController.swift in Sources */,
				AC0613D721628C90007FBC5F /* AppDelegate.swift in Sources */,
				AC06140521628DAE007FBC5F /* Sign.swift in Sources */,
			);
			runOnlyForDeploymentPostprocessing = 0;
		};
		AC0613E321628C91007FBC5F /* Sources */ = {
			isa = PBXSourcesBuildPhase;
			buildActionMask = 2147483647;
			files = (
				AC0613EC21628C91007FBC5F /* RPSTests.swift in Sources */,
			);
			runOnlyForDeploymentPostprocessing = 0;
		};
		AC0613EE21628C91007FBC5F /* Sources */ = {
			isa = PBXSourcesBuildPhase;
			buildActionMask = 2147483647;
			files = (
				AC0613F721628C91007FBC5F /* RPSUITests.swift in Sources */,
			);
			runOnlyForDeploymentPostprocessing = 0;
		};
/* End PBXSourcesBuildPhase section */

/* Begin PBXTargetDependency section */
		AC0613E921628C91007FBC5F /* PBXTargetDependency */ = {
			isa = PBXTargetDependency;
			target = AC0613D221628C90007FBC5F /* RPS */;
			targetProxy = AC0613E821628C91007FBC5F /* PBXContainerItemProxy */;
		};
		AC0613F421628C91007FBC5F /* PBXTargetDependency */ = {
			isa = PBXTargetDependency;
			target = AC0613D221628C90007FBC5F /* RPS */;
			targetProxy = AC0613F321628C91007FBC5F /* PBXContainerItemProxy */;
		};
/* End PBXTargetDependency section */

/* Begin PBXVariantGroup section */
		AC0613DA21628C90007FBC5F /* Main.storyboard */ = {
			isa = PBXVariantGroup;
			children = (
				AC0613DB21628C90007FBC5F /* Base */,
			);
			name = Main.storyboard;
			sourceTree = "<group>";
		};
		AC0613DF21628C91007FBC5F /* LaunchScreen.storyboard */ = {
			isa = PBXVariantGroup;
			children = (
				AC0613E021628C91007FBC5F /* Base */,
			);
			name = LaunchScreen.storyboard;
			sourceTree = "<group>";
		};
/* End PBXVariantGroup section */

/* Begin XCBuildConfiguration section */
		AC0613F921628C91007FBC5F /* Debug */ = {
			isa = XCBuildConfiguration;
			buildSettings = {
				ALWAYS_SEARCH_USER_PATHS = NO;
				CLANG_ANALYZER_NONNULL = YES;
				CLANG_ANALYZER_NUMBER_OBJECT_CONVERSION = YES_AGGRESSIVE;
				CLANG_CXX_LANGUAGE_STANDARD = "gnu++14";
				CLANG_CXX_LIBRARY = "libc++";
				CLANG_ENABLE_MODULES = YES;
				CLANG_ENABLE_OBJC_ARC = YES;
				CLANG_ENABLE_OBJC_WEAK = YES;
				CLANG_WARN_BLOCK_CAPTURE_AUTORELEASING = YES;
				CLANG_WARN_BOOL_CONVERSION = YES;
				CLANG_WARN_COMMA = YES;
				CLANG_WARN_CONSTANT_CONVERSION = YES;
				CLANG_WARN_DEPRECATED_OBJC_IMPLEMENTATIONS = YES;
				CLANG_WARN_DIRECT_OBJC_ISA_USAGE = YES_ERROR;
				CLANG_WARN_DOCUMENTATION_COMMENTS = YES;
				CLANG_WARN_EMPTY_BODY = YES;
				CLANG_WARN_ENUM_CONVERSION = YES;
				CLANG_WARN_INFINITE_RECURSION = YES;
				CLANG_WARN_INT_CONVERSION = YES;
				CLANG_WARN_NON_LITERAL_NULL_CONVERSION = YES;
				CLANG_WARN_OBJC_IMPLICIT_RETAIN_SELF = YES;
				CLANG_WARN_OBJC_LITERAL_CONVERSION = YES;
				CLANG_WARN_OBJC_ROOT_CLASS = YES_ERROR;
				CLANG_WARN_RANGE_LOOP_ANALYSIS = YES;
				CLANG_WARN_STRICT_PROTOTYPES = YES;
				CLANG_WARN_SUSPICIOUS_MOVE = YES;
				CLANG_WARN_UNGUARDED_AVAILABILITY = YES_AGGRESSIVE;
				CLANG_WARN_UNREACHABLE_CODE = YES;
				CLANG_WARN__DUPLICATE_METHOD_MATCH = YES;
				CODE_SIGN_IDENTITY = "iPhone Developer";
				COPY_PHASE_STRIP = NO;
				DEBUG_INFORMATION_FORMAT = dwarf;
				ENABLE_STRICT_OBJC_MSGSEND = YES;
				ENABLE_TESTABILITY = YES;
				GCC_C_LANGUAGE_STANDARD = gnu11;
				GCC_DYNAMIC_NO_PIC = NO;
				GCC_NO_COMMON_BLOCKS = YES;
				GCC_OPTIMIZATION_LEVEL = 0;
				GCC_PREPROCESSOR_DEFINITIONS = (
					"DEBUG=1",
					"$(inherited)",
				);
				GCC_WARN_64_TO_32_BIT_CONVERSION = YES;
				GCC_WARN_ABOUT_RETURN_TYPE = YES_ERROR;
				GCC_WARN_UNDECLARED_SELECTOR = YES;
				GCC_WARN_UNINITIALIZED_AUTOS = YES_AGGRESSIVE;
				GCC_WARN_UNUSED_FUNCTION = YES;
				GCC_WARN_UNUSED_VARIABLE = YES;
				IPHONEOS_DEPLOYMENT_TARGET = 11.4;
				MTL_ENABLE_DEBUG_INFO = YES;
				ONLY_ACTIVE_ARCH = YES;
				SDKROOT = iphoneos;
				SWIFT_ACTIVE_COMPILATION_CONDITIONS = DEBUG;
				SWIFT_OPTIMIZATION_LEVEL = "-Onone";
			};
			name = Debug;
		};
		AC0613FA21628C91007FBC5F /* Release */ = {
			isa = XCBuildConfiguration;
			buildSettings = {
				ALWAYS_SEARCH_USER_PATHS = NO;
				CLANG_ANALYZER_NONNULL = YES;
				CLANG_ANALYZER_NUMBER_OBJECT_CONVERSION = YES_AGGRESSIVE;
				CLANG_CXX_LANGUAGE_STANDARD = "gnu++14";
				CLANG_CXX_LIBRARY = "libc++";
				CLANG_ENABLE_MODULES = YES;
				CLANG_ENABLE_OBJC_ARC = YES;
				CLANG_ENABLE_OBJC_WEAK = YES;
				CLANG_WARN_BLOCK_CAPTURE_AUTORELEASING = YES;
				CLANG_WARN_BOOL_CONVERSION = YES;
				CLANG_WARN_COMMA = YES;
				CLANG_WARN_CONSTANT_CONVERSION = YES;
				CLANG_WARN_DEPRECATED_OBJC_IMPLEMENTATIONS = YES;
				CLANG_WARN_DIRECT_OBJC_ISA_USAGE = YES_ERROR;
				CLANG_WARN_DOCUMENTATION_COMMENTS = YES;
				CLANG_WARN_EMPTY_BODY = YES;
				CLANG_WARN_ENUM_CONVERSION = YES;
				CLANG_WARN_INFINITE_RECURSION = YES;
				CLANG_WARN_INT_CONVERSION = YES;
				CLANG_WARN_NON_LITERAL_NULL_CONVERSION = YES;
				CLANG_WARN_OBJC_IMPLICIT_RETAIN_SELF = YES;
				CLANG_WARN_OBJC_LITERAL_CONVERSION = YES;
				CLANG_WARN_OBJC_ROOT_CLASS = YES_ERROR;
				CLANG_WARN_RANGE_LOOP_ANALYSIS = YES;
				CLANG_WARN_STRICT_PROTOTYPES = YES;
				CLANG_WARN_SUSPICIOUS_MOVE = YES;
				CLANG_WARN_UNGUARDED_AVAILABILITY = YES_AGGRESSIVE;
				CLANG_WARN_UNREACHABLE_CODE = YES;
				CLANG_WARN__DUPLICATE_METHOD_MATCH = YES;
				CODE_SIGN_IDENTITY = "iPhone Developer";
				COPY_PHASE_STRIP = NO;
				DEBUG_INFORMATION_FORMAT = "dwarf-with-dsym";
				ENABLE_NS_ASSERTIONS = NO;
				ENABLE_STRICT_OBJC_MSGSEND = YES;
				GCC_C_LANGUAGE_STANDARD = gnu11;
				GCC_NO_COMMON_BLOCKS = YES;
				GCC_WARN_64_TO_32_BIT_CONVERSION = YES;
				GCC_WARN_ABOUT_RETURN_TYPE = YES_ERROR;
				GCC_WARN_UNDECLARED_SELECTOR = YES;
				GCC_WARN_UNINITIALIZED_AUTOS = YES_AGGRESSIVE;
				GCC_WARN_UNUSED_FUNCTION = YES;
				GCC_WARN_UNUSED_VARIABLE = YES;
				IPHONEOS_DEPLOYMENT_TARGET = 11.4;
				MTL_ENABLE_DEBUG_INFO = NO;
				SDKROOT = iphoneos;
				SWIFT_COMPILATION_MODE = wholemodule;
				SWIFT_OPTIMIZATION_LEVEL = "-O";
				VALIDATE_PRODUCT = YES;
			};
			name = Release;
		};
		AC0613FC21628C91007FBC5F /* Debug */ = {
			isa = XCBuildConfiguration;
			buildSettings = {
				ASSETCATALOG_COMPILER_APPICON_NAME = AppIcon;
				CODE_SIGN_STYLE = Automatic;
				INFOPLIST_FILE = RPS/Info.plist;
				LD_RUNPATH_SEARCH_PATHS = (
					"$(inherited)",
					"@executable_path/Frameworks",
				);
				PRODUCT_BUNDLE_IDENTIFIER = fer.RPS;
				PRODUCT_NAME = "$(TARGET_NAME)";
				SWIFT_VERSION = 4.0;
				TARGETED_DEVICE_FAMILY = "1,2";
			};
			name = Debug;
		};
		AC0613FD21628C91007FBC5F /* Release */ = {
			isa = XCBuildConfiguration;
			buildSettings = {
				ASSETCATALOG_COMPILER_APPICON_NAME = AppIcon;
				CODE_SIGN_STYLE = Automatic;
				INFOPLIST_FILE = RPS/Info.plist;
				LD_RUNPATH_SEARCH_PATHS = (
					"$(inherited)",
					"@executable_path/Frameworks",
				);
				PRODUCT_BUNDLE_IDENTIFIER = fer.RPS;
				PRODUCT_NAME = "$(TARGET_NAME)";
				SWIFT_VERSION = 4.0;
				TARGETED_DEVICE_FAMILY = "1,2";
			};
			name = Release;
		};
		AC0613FF21628C91007FBC5F /* Debug */ = {
			isa = XCBuildConfiguration;
			buildSettings = {
				ALWAYS_EMBED_SWIFT_STANDARD_LIBRARIES = YES;
				BUNDLE_LOADER = "$(TEST_HOST)";
				CODE_SIGN_STYLE = Automatic;
				INFOPLIST_FILE = RPSTests/Info.plist;
				LD_RUNPATH_SEARCH_PATHS = (
					"$(inherited)",
					"@executable_path/Frameworks",
					"@loader_path/Frameworks",
				);
				PRODUCT_BUNDLE_IDENTIFIER = fer.RPSTests;
				PRODUCT_NAME = "$(TARGET_NAME)";
				SWIFT_VERSION = 4.0;
				TARGETED_DEVICE_FAMILY = "1,2";
				TEST_HOST = "$(BUILT_PRODUCTS_DIR)/RPS.app/RPS";
			};
			name = Debug;
		};
		AC06140021628C91007FBC5F /* Release */ = {
			isa = XCBuildConfiguration;
			buildSettings = {
				ALWAYS_EMBED_SWIFT_STANDARD_LIBRARIES = YES;
				BUNDLE_LOADER = "$(TEST_HOST)";
				CODE_SIGN_STYLE = Automatic;
				INFOPLIST_FILE = RPSTests/Info.plist;
				LD_RUNPATH_SEARCH_PATHS = (
					"$(inherited)",
					"@executable_path/Frameworks",
					"@loader_path/Frameworks",
				);
				PRODUCT_BUNDLE_IDENTIFIER = fer.RPSTests;
				PRODUCT_NAME = "$(TARGET_NAME)";
				SWIFT_VERSION = 4.0;
				TARGETED_DEVICE_FAMILY = "1,2";
				TEST_HOST = "$(BUILT_PRODUCTS_DIR)/RPS.app/RPS";
			};
			name = Release;
		};
		AC06140221628C91007FBC5F /* Debug */ = {
			isa = XCBuildConfiguration;
			buildSettings = {
				ALWAYS_EMBED_SWIFT_STANDARD_LIBRARIES = YES;
				CODE_SIGN_STYLE = Automatic;
				INFOPLIST_FILE = RPSUITests/Info.plist;
				LD_RUNPATH_SEARCH_PATHS = (
					"$(inherited)",
					"@executable_path/Frameworks",
					"@loader_path/Frameworks",
				);
				PRODUCT_BUNDLE_IDENTIFIER = fer.RPSUITests;
				PRODUCT_NAME = "$(TARGET_NAME)";
				SWIFT_VERSION = 4.0;
				TARGETED_DEVICE_FAMILY = "1,2";
				TEST_TARGET_NAME = RPS;
			};
			name = Debug;
		};
		AC06140321628C91007FBC5F /* Release */ = {
			isa = XCBuildConfiguration;
			buildSettings = {
				ALWAYS_EMBED_SWIFT_STANDARD_LIBRARIES = YES;
				CODE_SIGN_STYLE = Automatic;
				INFOPLIST_FILE = RPSUITests/Info.plist;
				LD_RUNPATH_SEARCH_PATHS = (
					"$(inherited)",
					"@executable_path/Frameworks",
					"@loader_path/Frameworks",
				);
				PRODUCT_BUNDLE_IDENTIFIER = fer.RPSUITests;
				PRODUCT_NAME = "$(TARGET_NAME)";
				SWIFT_VERSION = 4.0;
				TARGETED_DEVICE_FAMILY = "1,2";
				TEST_TARGET_NAME = RPS;
			};
			name = Release;
		};
/* End XCBuildConfiguration section */

/* Begin XCConfigurationList section */
		AC0613CE21628C90007FBC5F /* Build configuration list for PBXProject "RPS" */ = {
			isa = XCConfigurationList;
			buildConfigurations = (
				AC0613F921628C91007FBC5F /* Debug */,
				AC0613FA21628C91007FBC5F /* Release */,
			);
			defaultConfigurationIsVisible = 0;
			defaultConfigurationName = Release;
		};
		AC0613FB21628C91007FBC5F /* Build configuration list for PBXNativeTarget "RPS" */ = {
			isa = XCConfigurationList;
			buildConfigurations = (
				AC0613FC21628C91007FBC5F /* Debug */,
				AC0613FD21628C91007FBC5F /* Release */,
			);
			defaultConfigurationIsVisible = 0;
			defaultConfigurationName = Release;
		};
		AC0613FE21628C91007FBC5F /* Build configuration list for PBXNativeTarget "RPSTests" */ = {
			isa = XCConfigurationList;
			buildConfigurations = (
				AC0613FF21628C91007FBC5F /* Debug */,
				AC06140021628C91007FBC5F /* Release */,
			);
			defaultConfigurationIsVisible = 0;
			defaultConfigurationName = Release;
		};
		AC06140121628C91007FBC5F /* Build configuration list for PBXNativeTarget "RPSUITests" */ = {
			isa = XCConfigurationList;
			buildConfigurations = (
				AC06140221628C91007FBC5F /* Debug */,
				AC06140321628C91007FBC5F /* Release */,
			);
			defaultConfigurationIsVisible = 0;
			defaultConfigurationName = Release;
		};
/* End XCConfigurationList section */
	};
	rootObject = AC0613CB21628C90007FBC5F /* Project object */;
}
